
Microsoft Visual Studio Solution File, Format Version 12.00
# Visual Studio 15
VisualStudioVersion = 15.0.26124.0
MinimumVisualStudioVersion = 15.0.26124.0
Project("{FAE04EC0-301F-11D3-BF4B-00C04F79EFBC}") = "API", "API\API.csproj", "{B52DCC06-6B1E-4A95-8D28-61B5CD191EE8}"
EndProject
Project("{FAE04EC0-301F-11D3-BF4B-00C04F79EFBC}") = "Core", "Core\Core.csproj", "{58C1796F-14AC-49B6-8F10-0E98FE829B30}"
EndProject
Project("{FAE04EC0-301F-11D3-BF4B-00C04F79EFBC}") = "Infrastructure", "Infrastructure\Infrastructure.csproj", "{B9F04D35-BBD1-41FA-AA75-FB2B82518FF0}"
EndProject
Global
	GlobalSection(SolutionConfigurationPlatforms) = preSolution
		Debug|Any CPU = Debug|Any CPU
		Debug|x64 = Debug|x64
		Debug|x86 = Debug|x86
		Release|Any CPU = Release|Any CPU
		Release|x64 = Release|x64
		Release|x86 = Release|x86
	EndGlobalSection
	GlobalSection(SolutionProperties) = preSolution
		HideSolutionNode = FALSE
	EndGlobalSection
	GlobalSection(ProjectConfigurationPlatforms) = postSolution
		{B52DCC06-6B1E-4A95-8D28-61B5CD191EE8}.Debug|Any CPU.ActiveCfg = Debug|Any CPU
		{B52DCC06-6B1E-4A95-8D28-61B5CD191EE8}.Debug|Any CPU.Build.0 = Debug|Any CPU
		{B52DCC06-6B1E-4A95-8D28-61B5CD191EE8}.Debug|x64.ActiveCfg = Debug|Any CPU
		{B52DCC06-6B1E-4A95-8D28-61B5CD191EE8}.Debug|x64.Build.0 = Debug|Any CPU
		{B52DCC06-6B1E-4A95-8D28-61B5CD191EE8}.Debug|x86.ActiveCfg = Debug|Any CPU
		{B52DCC06-6B1E-4A95-8D28-61B5CD191EE8}.Debug|x86.Build.0 = Debug|Any CPU
		{B52DCC06-6B1E-4A95-8D28-61B5CD191EE8}.Release|Any CPU.ActiveCfg = Release|Any CPU
		{B52DCC06-6B1E-4A95-8D28-61B5CD191EE8}.Release|Any CPU.Build.0 = Release|Any CPU
		{B52DCC06-6B1E-4A95-8D28-61B5CD191EE8}.Release|x64.ActiveCfg = Release|Any CPU
		{B52DCC06-6B1E-4A95-8D28-61B5CD191EE8}.Release|x64.Build.0 = Release|Any CPU
		{B52DCC06-6B1E-4A95-8D28-61B5CD191EE8}.Release|x86.ActiveCfg = Release|Any CPU
		{B52DCC06-6B1E-4A95-8D28-61B5CD191EE8}.Release|x86.Build.0 = Release|Any CPU
		{58C1796F-14AC-49B6-8F10-0E98FE829B30}.Debug|Any CPU.ActiveCfg = Debug|Any CPU
		{58C1796F-14AC-49B6-8F10-0E98FE829B30}.Debug|Any CPU.Build.0 = Debug|Any CPU
		{58C1796F-14AC-49B6-8F10-0E98FE829B30}.Debug|x64.ActiveCfg = Debug|Any CPU
		{58C1796F-14AC-49B6-8F10-0E98FE829B30}.Debug|x64.Build.0 = Debug|Any CPU
		{58C1796F-14AC-49B6-8F10-0E98FE829B30}.Debug|x86.ActiveCfg = Debug|Any CPU
		{58C1796F-14AC-49B6-8F10-0E98FE829B30}.Debug|x86.Build.0 = Debug|Any CPU
		{58C1796F-14AC-49B6-8F10-0E98FE829B30}.Release|Any CPU.ActiveCfg = Release|Any CPU
		{58C1796F-14AC-49B6-8F10-0E98FE829B30}.Release|Any CPU.Build.0 = Release|Any CPU
		{58C1796F-14AC-49B6-8F10-0E98FE829B30}.Release|x64.ActiveCfg = Release|Any CPU
		{58C1796F-14AC-49B6-8F10-0E98FE829B30}.Release|x64.Build.0 = Release|Any CPU
		{58C1796F-14AC-49B6-8F10-0E98FE829B30}.Release|x86.ActiveCfg = Release|Any CPU
		{58C1796F-14AC-49B6-8F10-0E98FE829B30}.Release|x86.Build.0 = Release|Any CPU
		{B9F04D35-BBD1-41FA-AA75-FB2B82518FF0}.Debug|Any CPU.ActiveCfg = Debug|Any CPU
		{B9F04D35-BBD1-41FA-AA75-FB2B82518FF0}.Debug|Any CPU.Build.0 = Debug|Any CPU
		{B9F04D35-BBD1-41FA-AA75-FB2B82518FF0}.Debug|x64.ActiveCfg = Debug|Any CPU
		{B9F04D35-BBD1-41FA-AA75-FB2B82518FF0}.Debug|x64.Build.0 = Debug|Any CPU
		{B9F04D35-BBD1-41FA-AA75-FB2B82518FF0}.Debug|x86.ActiveCfg = Debug|Any CPU
		{B9F04D35-BBD1-41FA-AA75-FB2B82518FF0}.Debug|x86.Build.0 = Debug|Any CPU
		{B9F04D35-BBD1-41FA-AA75-FB2B82518FF0}.Release|Any CPU.ActiveCfg = Release|Any CPU
		{B9F04D35-BBD1-41FA-AA75-FB2B82518FF0}.Release|Any CPU.Build.0 = Release|Any CPU
		{B9F04D35-BBD1-41FA-AA75-FB2B82518FF0}.Release|x64.ActiveCfg = Release|Any CPU
		{B9F04D35-BBD1-41FA-AA75-FB2B82518FF0}.Release|x64.Build.0 = Release|Any CPU
		{B9F04D35-BBD1-41FA-AA75-FB2B82518FF0}.Release|x86.ActiveCfg = Release|Any CPU
		{B9F04D35-BBD1-41FA-AA75-FB2B82518FF0}.Release|x86.Build.0 = Release|Any CPU
	EndGlobalSection
EndGlobal
